
Microsoft Visual Studio Solution File, Format Version 12.00
# Visual Studio 15
VisualStudioVersion = 15.0.28307.106
MinimumVisualStudioVersion = 10.0.40219.1
Project("{FAE04EC0-301F-11D3-BF4B-00C04F79EFBC}") = "The_Bank.Android", "The Bank\The Bank.Android\The_Bank.Android.csproj", "{24CE3C36-16B9-426D-AA0C-5961ECF8D88C}"
EndProject
Project("{FAE04EC0-301F-11D3-BF4B-00C04F79EFBC}") = "The_Bank.iOS", "The Bank\The Bank.iOS\The_Bank.iOS.csproj", "{850B0834-B3CB-495B-9419-895936E207FE}"
EndProject
Project("{9A19103F-16F7-4668-BE54-9A1E7A4F7556}") = "The_Bank", "The Bank\The Bank\The_Bank.csproj", "{ACB9D03B-33DA-490E-B497-1687BA299B86}"
EndProject
Global
	GlobalSection(SolutionConfigurationPlatforms) = preSolution
		Debug|Any CPU = Debug|Any CPU
		Debug|iPhone = Debug|iPhone
		Debug|iPhoneSimulator = Debug|iPhoneSimulator
		Release|Any CPU = Release|Any CPU
		Release|iPhone = Release|iPhone
		Release|iPhoneSimulator = Release|iPhoneSimulator
	EndGlobalSection
	GlobalSection(ProjectConfigurationPlatforms) = postSolution
		{24CE3C36-16B9-426D-AA0C-5961ECF8D88C}.Debug|Any CPU.ActiveCfg = Debug|Any CPU
		{24CE3C36-16B9-426D-AA0C-5961ECF8D88C}.Debug|Any CPU.Build.0 = Debug|Any CPU
		{24CE3C36-16B9-426D-AA0C-5961ECF8D88C}.Debug|Any CPU.Deploy.0 = Debug|Any CPU
		{24CE3C36-16B9-426D-AA0C-5961ECF8D88C}.Debug|iPhone.ActiveCfg = Debug|Any CPU
		{24CE3C36-16B9-426D-AA0C-5961ECF8D88C}.Debug|iPhone.Build.0 = Debug|Any CPU
		{24CE3C36-16B9-426D-AA0C-5961ECF8D88C}.Debug|iPhone.Deploy.0 = Debug|Any CPU
		{24CE3C36-16B9-426D-AA0C-5961ECF8D88C}.Debug|iPhoneSimulator.ActiveCfg = Debug|Any CPU
		{24CE3C36-16B9-426D-AA0C-5961ECF8D88C}.Debug|iPhoneSimulator.Build.0 = Debug|Any CPU
		{24CE3C36-16B9-426D-AA0C-5961ECF8D88C}.Debug|iPhoneSimulator.Deploy.0 = Debug|Any CPU
		{24CE3C36-16B9-426D-AA0C-5961ECF8D88C}.Release|Any CPU.ActiveCfg = Release|Any CPU
		{24CE3C36-16B9-426D-AA0C-5961ECF8D88C}.Release|Any CPU.Build.0 = Release|Any CPU
		{24CE3C36-16B9-426D-AA0C-5961ECF8D88C}.Release|Any CPU.Deploy.0 = Release|Any CPU
		{24CE3C36-16B9-426D-AA0C-5961ECF8D88C}.Release|iPhone.ActiveCfg = Release|Any CPU
		{24CE3C36-16B9-426D-AA0C-5961ECF8D88C}.Release|iPhone.Build.0 = Release|Any CPU
		{24CE3C36-16B9-426D-AA0C-5961ECF8D88C}.Release|iPhone.Deploy.0 = Release|Any CPU
		{24CE3C36-16B9-426D-AA0C-5961ECF8D88C}.Release|iPhoneSimulator.ActiveCfg = Release|Any CPU
		{24CE3C36-16B9-426D-AA0C-5961ECF8D88C}.Release|iPhoneSimulator.Build.0 = Release|Any CPU
		{24CE3C36-16B9-426D-AA0C-5961ECF8D88C}.Release|iPhoneSimulator.Deploy.0 = Release|Any CPU
		{850B0834-B3CB-495B-9419-895936E207FE}.Debug|Any CPU.ActiveCfg = Debug|iPhoneSimulator
		{850B0834-B3CB-495B-9419-895936E207FE}.Debug|Any CPU.Build.0 = Debug|iPhoneSimulator
		{850B0834-B3CB-495B-9419-895936E207FE}.Debug|Any CPU.Deploy.0 = Debug|iPhoneSimulator
		{850B0834-B3CB-495B-9419-895936E207FE}.Debug|iPhone.ActiveCfg = Debug|iPhone
		{850B0834-B3CB-495B-9419-895936E207FE}.Debug|iPhone.Build.0 = Debug|iPhone
		{850B0834-B3CB-495B-9419-895936E207FE}.Debug|iPhone.Deploy.0 = Debug|iPhone
		{850B0834-B3CB-495B-9419-895936E207FE}.Debug|iPhoneSimulator.ActiveCfg = Debug|iPhoneSimulator
		{850B0834-B3CB-495B-9419-895936E207FE}.Debug|iPhoneSimulator.Build.0 = Debug|iPhoneSimulator
		{850B0834-B3CB-495B-9419-895936E207FE}.Debug|iPhoneSimulator.Deploy.0 = Debug|iPhoneSimulator
		{850B0834-B3CB-495B-9419-895936E207FE}.Release|Any CPU.ActiveCfg = Release|iPhone
		{850B0834-B3CB-495B-9419-895936E207FE}.Release|Any CPU.Build.0 = Release|iPhone
		{850B0834-B3CB-495B-9419-895936E207FE}.Release|Any CPU.Deploy.0 = Release|iPhone
		{850B0834-B3CB-495B-9419-895936E207FE}.Release|iPhone.ActiveCfg = Release|iPhone
		{850B0834-B3CB-495B-9419-895936E207FE}.Release|iPhone.Build.0 = Release|iPhone
		{850B0834-B3CB-495B-9419-895936E207FE}.Release|iPhone.Deploy.0 = Release|iPhone
		{850B0834-B3CB-495B-9419-895936E207FE}.Release|iPhoneSimulator.ActiveCfg = Release|iPhoneSimulator
		{850B0834-B3CB-495B-9419-895936E207FE}.Release|iPhoneSimulator.Build.0 = Release|iPhoneSimulator
		{850B0834-B3CB-495B-9419-895936E207FE}.Release|iPhoneSimulator.Deploy.0 = Release|iPhoneSimulator
		{ACB9D03B-33DA-490E-B497-1687BA299B86}.Debug|Any CPU.ActiveCfg = Debug|Any CPU
		{ACB9D03B-33DA-490E-B497-1687BA299B86}.Debug|Any CPU.Build.0 = Debug|Any CPU
		{ACB9D03B-33DA-490E-B497-1687BA299B86}.Debug|Any CPU.Deploy.0 = Debug|Any CPU
		{ACB9D03B-33DA-490E-B497-1687BA299B86}.Debug|iPhone.ActiveCfg = Debug|Any CPU
		{ACB9D03B-33DA-490E-B497-1687BA299B86}.Debug|iPhone.Build.0 = Debug|Any CPU
		{ACB9D03B-33DA-490E-B497-1687BA299B86}.Debug|iPhone.Deploy.0 = Debug|Any CPU
		{ACB9D03B-33DA-490E-B497-1687BA299B86}.Debug|iPhoneSimulator.ActiveCfg = Debug|Any CPU
		{ACB9D03B-33DA-490E-B497-1687BA299B86}.Debug|iPhoneSimulator.Build.0 = Debug|Any CPU
		{ACB9D03B-33DA-490E-B497-1687BA299B86}.Debug|iPhoneSimulator.Deploy.0 = Debug|Any CPU
		{ACB9D03B-33DA-490E-B497-1687BA299B86}.Release|Any CPU.ActiveCfg = Release|Any CPU
		{ACB9D03B-33DA-490E-B497-1687BA299B86}.Release|Any CPU.Build.0 = Release|Any CPU
		{ACB9D03B-33DA-490E-B497-1687BA299B86}.Release|Any CPU.Deploy.0 = Release|Any CPU
		{ACB9D03B-33DA-490E-B497-1687BA299B86}.Release|iPhone.ActiveCfg = Release|Any CPU
		{ACB9D03B-33DA-490E-B497-1687BA299B86}.Release|iPhone.Build.0 = Release|Any CPU
		{ACB9D03B-33DA-490E-B497-1687BA299B86}.Release|iPhone.Deploy.0 = Release|Any CPU
		{ACB9D03B-33DA-490E-B497-1687BA299B86}.Release|iPhoneSimulator.ActiveCfg = Release|Any CPU
		{ACB9D03B-33DA-490E-B497-1687BA299B86}.Release|iPhoneSimulator.Build.0 = Release|Any CPU
		{ACB9D03B-33DA-490E-B497-1687BA299B86}.Release|iPhoneSimulator.Deploy.0 = Release|Any CPU
	EndGlobalSection
	GlobalSection(SolutionProperties) = preSolution
		HideSolutionNode = FALSE
	EndGlobalSection
	GlobalSection(ExtensibilityGlobals) = postSolution
		SolutionGuid = {73F79F8A-B742-49D1-903A-ADF32412D358}
	EndGlobalSection
EndGlobal
